
Microsoft Visual Studio Solution File, Format Version 12.00
# Visual Studio Version 16
VisualStudioVersion = 25.0.1703.6
MinimumVisualStudioVersion = 10.0.40219.1
Project("{FAE04EC0-301F-11D3-BF4B-00C04F79EFBC}") = "Noob.Discord.Test", "Noob.Discord.Test\Noob.Discord.Test.csproj", "{CE297406-C061-42AA-BADB-F2BB4A8FC657}"
EndProject
Project("{2150E333-8FDC-42A3-9474-1A3956D46DE8}") = "Solution Items", "Solution Items", "{9CB41D26-436E-428A-B3B0-846783102AED}"
	ProjectSection(SolutionItems) = preProject
		.editorconfig = .editorconfig
	EndProjectSection
EndProject
Project("{FAE04EC0-301F-11D3-BF4B-00C04F79EFBC}") = "Noob.DL", "Noob.DL\Noob.DL.csproj", "{40940017-F761-4874-A5AC-C5091C56F885}"
EndProject
Project("{FAE04EC0-301F-11D3-BF4B-00C04F79EFBC}") = "Noob.Core", "Noob.Core\Noob.Core.csproj", "{D341F3B0-9D64-42F8-8442-099CB77320C8}"
EndProject
Project("{FAE04EC0-301F-11D3-BF4B-00C04F79EFBC}") = "Noob.Discord", "Noob.Discord\Noob.Discord.csproj", "{90C4160D-05BC-4BAD-BAEF-918FA6A35A8E}"
EndProject
Project("{FAE04EC0-301F-11D3-BF4B-00C04F79EFBC}") = "Noob.App", "Noob.App\Noob.App.csproj", "{D5AC3CFC-7B90-4218-8469-79535058182B}"
EndProject
Global
	GlobalSection(SolutionConfigurationPlatforms) = preSolution
		Debug|Any CPU = Debug|Any CPU
		Release|Any CPU = Release|Any CPU
	EndGlobalSection
	GlobalSection(ProjectConfigurationPlatforms) = postSolution
		{CE297406-C061-42AA-BADB-F2BB4A8FC657}.Debug|Any CPU.ActiveCfg = Debug|Any CPU
		{CE297406-C061-42AA-BADB-F2BB4A8FC657}.Debug|Any CPU.Build.0 = Debug|Any CPU
		{CE297406-C061-42AA-BADB-F2BB4A8FC657}.Release|Any CPU.ActiveCfg = Release|Any CPU
		{CE297406-C061-42AA-BADB-F2BB4A8FC657}.Release|Any CPU.Build.0 = Release|Any CPU
		{40940017-F761-4874-A5AC-C5091C56F885}.Debug|Any CPU.ActiveCfg = Debug|Any CPU
		{40940017-F761-4874-A5AC-C5091C56F885}.Debug|Any CPU.Build.0 = Debug|Any CPU
		{40940017-F761-4874-A5AC-C5091C56F885}.Release|Any CPU.ActiveCfg = Release|Any CPU
		{40940017-F761-4874-A5AC-C5091C56F885}.Release|Any CPU.Build.0 = Release|Any CPU
		{D341F3B0-9D64-42F8-8442-099CB77320C8}.Debug|Any CPU.ActiveCfg = Debug|Any CPU
		{D341F3B0-9D64-42F8-8442-099CB77320C8}.Debug|Any CPU.Build.0 = Debug|Any CPU
		{D341F3B0-9D64-42F8-8442-099CB77320C8}.Release|Any CPU.ActiveCfg = Release|Any CPU
		{D341F3B0-9D64-42F8-8442-099CB77320C8}.Release|Any CPU.Build.0 = Release|Any CPU
		{90C4160D-05BC-4BAD-BAEF-918FA6A35A8E}.Debug|Any CPU.ActiveCfg = Debug|Any CPU
		{90C4160D-05BC-4BAD-BAEF-918FA6A35A8E}.Debug|Any CPU.Build.0 = Debug|Any CPU
		{90C4160D-05BC-4BAD-BAEF-918FA6A35A8E}.Release|Any CPU.ActiveCfg = Release|Any CPU
		{90C4160D-05BC-4BAD-BAEF-918FA6A35A8E}.Release|Any CPU.Build.0 = Release|Any CPU
		{D5AC3CFC-7B90-4218-8469-79535058182B}.Debug|Any CPU.ActiveCfg = Debug|Any CPU
		{D5AC3CFC-7B90-4218-8469-79535058182B}.Debug|Any CPU.Build.0 = Debug|Any CPU
		{D5AC3CFC-7B90-4218-8469-79535058182B}.Release|Any CPU.ActiveCfg = Release|Any CPU
		{D5AC3CFC-7B90-4218-8469-79535058182B}.Release|Any CPU.Build.0 = Release|Any CPU
	EndGlobalSection
	GlobalSection(SolutionProperties) = preSolution
		HideSolutionNode = FALSE
	EndGlobalSection
	GlobalSection(ExtensibilityGlobals) = postSolution
		SolutionGuid = {52A21B08-FF4F-409B-84C1-9FBEA8BCDFEE}
	EndGlobalSection
EndGlobal
